# THIS IS AN AUTOGENERATED FILE. DO NOT EDIT THIS FILE DIRECTLY.
# yarn lockfile v1


"@types/angular-ui-bootstrap@^0.13.40":
  version "0.13.40"
  resolved "https://registry.yarnpkg.com/@types/angular-ui-bootstrap/-/angular-ui-bootstrap-0.13.40.tgz#6b9fb0093393d0a9d40ab0c12e2ef63fc593e0df"
  dependencies:
    "@types/angular" "*"

"@types/angular@*", "@types/angular@^1.6.6":
  version "1.6.6"
  resolved "https://registry.yarnpkg.com/@types/angular/-/angular-1.6.6.tgz#5009a7f58542e3325c4b5a8f12c06c2dd8eedd38"
  dependencies:
    "@types/jquery" "*"

"@types/jquery@*":
  version "2.0.40"
  resolved "https://registry.yarnpkg.com/@types/jquery/-/jquery-2.0.40.tgz#acdd69e29b74cdec15dc3c074bcb064bc1b87213"

angular-animate@^1.6.2:
  version "1.6.2"
  resolved "https://registry.yarnpkg.com/angular-animate/-/angular-animate-1.6.2.tgz#def2a8b9ede53b4b6e234c25f5c64e4b4385df15"

angular-bootstrap-npm@^0.14.3:
  version "0.14.3"
  resolved "https://registry.yarnpkg.com/angular-bootstrap-npm/-/angular-bootstrap-npm-0.14.3.tgz#1c18d49322adf5b5870ffb927f41dfc28ff6e579"

angular@^1.6.2:
  version "1.6.2"
  resolved "https://registry.yarnpkg.com/angular/-/angular-1.6.2.tgz#d0b677242ac4bf9ae81424297c6320973af4bb5a"

bootstrap@^3.3.7:
  version "3.3.7"
  resolved "https://registry.yarnpkg.com/bootstrap/-/bootstrap-3.3.7.tgz#5a389394549f23330875a3b150656574f8a9eb71"

font-awesome@^4.7.0:
  version "4.7.0"
  resolved "https://registry.yarnpkg.com/font-awesome/-/font-awesome-4.7.0.tgz#8fa8cf0411a1a31afd07b06d2902bb9fc815a133"

jquery@^3.1.1:
  version "3.1.1"
  resolved "https://registry.yarnpkg.com/jquery/-/jquery-3.1.1.tgz#347c1c21c7e004115e0a4da32cece041fad3c8a3"

nouislider@^9.2.0:
  version "9.2.0"
  resolved "https://registry.yarnpkg.com/nouislider/-/nouislider-9.2.0.tgz#e87c507de2b0b4d075038b5a42547c7dbbebaf69"
